
Microsoft Visual Studio Solution File, Format Version 12.00
# Visual Studio Version 17
VisualStudioVersion = 17.5.33502.453
MinimumVisualStudioVersion = 10.0.40219.1
Project("{FAE04EC0-301F-11D3-BF4B-00C04F79EFBC}") = "OverridingApp2", "OverridingApp2\OverridingApp2.csproj", "{7A39B9C3-6CF8-43F7-9891-6A23E2A1A759}"
EndProject
Global
	GlobalSection(SolutionConfigurationPlatforms) = preSolution
		Debug|Any CPU = Debug|Any CPU
		Release|Any CPU = Release|Any CPU
	EndGlobalSection
	GlobalSection(ProjectConfigurationPlatforms) = postSolution
		{7A39B9C3-6CF8-43F7-9891-6A23E2A1A759}.Debug|Any CPU.ActiveCfg = Debug|Any CPU
		{7A39B9C3-6CF8-43F7-9891-6A23E2A1A759}.Debug|Any CPU.Build.0 = Debug|Any CPU
		{7A39B9C3-6CF8-43F7-9891-6A23E2A1A759}.Release|Any CPU.ActiveCfg = Release|Any CPU
		{7A39B9C3-6CF8-43F7-9891-6A23E2A1A759}.Release|Any CPU.Build.0 = Release|Any CPU
	EndGlobalSection
	GlobalSection(SolutionProperties) = preSolution
		HideSolutionNode = FALSE
	EndGlobalSection
	GlobalSection(ExtensibilityGlobals) = postSolution
		SolutionGuid = {03DBA0CC-146D-4ECB-ABA8-CC8A1F5BD992}
	EndGlobalSection
EndGlobal
