
Microsoft Visual Studio Solution File, Format Version 12.00
# Visual Studio Version 17
VisualStudioVersion = 17.5.33502.453
MinimumVisualStudioVersion = 10.0.40219.1
Project("{FAE04EC0-301F-11D3-BF4B-00C04F79EFBC}") = "UnderstandingInheritance", "UnderstandingInheritance\UnderstandingInheritance.csproj", "{1F452F65-43EE-4130-8FA7-F1A64FF22EDB}"
EndProject
Global
	GlobalSection(SolutionConfigurationPlatforms) = preSolution
		Debug|Any CPU = Debug|Any CPU
		Release|Any CPU = Release|Any CPU
	EndGlobalSection
	GlobalSection(ProjectConfigurationPlatforms) = postSolution
		{1F452F65-43EE-4130-8FA7-F1A64FF22EDB}.Debug|Any CPU.ActiveCfg = Debug|Any CPU
		{1F452F65-43EE-4130-8FA7-F1A64FF22EDB}.Debug|Any CPU.Build.0 = Debug|Any CPU
		{1F452F65-43EE-4130-8FA7-F1A64FF22EDB}.Release|Any CPU.ActiveCfg = Release|Any CPU
		{1F452F65-43EE-4130-8FA7-F1A64FF22EDB}.Release|Any CPU.Build.0 = Release|Any CPU
	EndGlobalSection
	GlobalSection(SolutionProperties) = preSolution
		HideSolutionNode = FALSE
	EndGlobalSection
	GlobalSection(ExtensibilityGlobals) = postSolution
		SolutionGuid = {69DAC6E4-8016-4D3E-AF45-9FAB3102D8DA}
	EndGlobalSection
EndGlobal
