
Microsoft Visual Studio Solution File, Format Version 12.00
# Visual Studio Version 17
VisualStudioVersion = 17.5.33502.453
MinimumVisualStudioVersion = 10.0.40219.1
Project("{FAE04EC0-301F-11D3-BF4B-00C04F79EFBC}") = "UnderstandingArraysApp", "UnderstandingArraysApp\UnderstandingArraysApp.csproj", "{1F535A1F-46A2-47B6-9C06-5B064C4C2B2B}"
EndProject
Project("{FAE04EC0-301F-11D3-BF4B-00C04F79EFBC}") = "UnderstandingUserTypeArraysApp", "UnderstandingUserTypeArraysApp\UnderstandingUserTypeArraysApp.csproj", "{336C5119-FD90-4B32-BE2D-85BC3E9D657B}"
EndProject
Global
	GlobalSection(SolutionConfigurationPlatforms) = preSolution
		Debug|Any CPU = Debug|Any CPU
		Release|Any CPU = Release|Any CPU
	EndGlobalSection
	GlobalSection(ProjectConfigurationPlatforms) = postSolution
		{1F535A1F-46A2-47B6-9C06-5B064C4C2B2B}.Debug|Any CPU.ActiveCfg = Debug|Any CPU
		{1F535A1F-46A2-47B6-9C06-5B064C4C2B2B}.Debug|Any CPU.Build.0 = Debug|Any CPU
		{1F535A1F-46A2-47B6-9C06-5B064C4C2B2B}.Release|Any CPU.ActiveCfg = Release|Any CPU
		{1F535A1F-46A2-47B6-9C06-5B064C4C2B2B}.Release|Any CPU.Build.0 = Release|Any CPU
		{336C5119-FD90-4B32-BE2D-85BC3E9D657B}.Debug|Any CPU.ActiveCfg = Debug|Any CPU
		{336C5119-FD90-4B32-BE2D-85BC3E9D657B}.Debug|Any CPU.Build.0 = Debug|Any CPU
		{336C5119-FD90-4B32-BE2D-85BC3E9D657B}.Release|Any CPU.ActiveCfg = Release|Any CPU
		{336C5119-FD90-4B32-BE2D-85BC3E9D657B}.Release|Any CPU.Build.0 = Release|Any CPU
	EndGlobalSection
	GlobalSection(SolutionProperties) = preSolution
		HideSolutionNode = FALSE
	EndGlobalSection
	GlobalSection(ExtensibilityGlobals) = postSolution
		SolutionGuid = {42E725E8-5759-4D13-AFAD-ED3DC5B81BF3}
	EndGlobalSection
EndGlobal
