
Microsoft Visual Studio Solution File, Format Version 12.00
# Visual Studio Version 17
VisualStudioVersion = 17.5.33502.453
MinimumVisualStudioVersion = 10.0.40219.1
Project("{FAE04EC0-301F-11D3-BF4B-00C04F79EFBC}") = "CheckApp", "CheckApp\CheckApp.csproj", "{E36F1D6C-7F10-4A7F-BAFB-52CDFBE47F43}"
EndProject
Global
	GlobalSection(SolutionConfigurationPlatforms) = preSolution
		Debug|Any CPU = Debug|Any CPU
		Release|Any CPU = Release|Any CPU
	EndGlobalSection
	GlobalSection(ProjectConfigurationPlatforms) = postSolution
		{E36F1D6C-7F10-4A7F-BAFB-52CDFBE47F43}.Debug|Any CPU.ActiveCfg = Debug|Any CPU
		{E36F1D6C-7F10-4A7F-BAFB-52CDFBE47F43}.Debug|Any CPU.Build.0 = Debug|Any CPU
		{E36F1D6C-7F10-4A7F-BAFB-52CDFBE47F43}.Release|Any CPU.ActiveCfg = Release|Any CPU
		{E36F1D6C-7F10-4A7F-BAFB-52CDFBE47F43}.Release|Any CPU.Build.0 = Release|Any CPU
	EndGlobalSection
	GlobalSection(SolutionProperties) = preSolution
		HideSolutionNode = FALSE
	EndGlobalSection
	GlobalSection(ExtensibilityGlobals) = postSolution
		SolutionGuid = {1734EE70-4475-4BC9-9DD3-74167956388C}
	EndGlobalSection
EndGlobal
