
Microsoft Visual Studio Solution File, Format Version 12.00
# Visual Studio Version 17
VisualStudioVersion = 17.5.33502.453
MinimumVisualStudioVersion = 10.0.40219.1
Project("{FAE04EC0-301F-11D3-BF4B-00C04F79EFBC}") = "HsopitalModelLib", "HsopitalModelLib\HsopitalModelLib.csproj", "{55C5D1C5-9D93-461D-B8A2-086A8D788750}"
EndProject
Project("{FAE04EC0-301F-11D3-BF4B-00C04F79EFBC}") = "HospitalDAL", "HospitalDAL\HospitalDAL.csproj", "{CEF801BF-9CED-4DF0-93DB-56420700DD56}"
EndProject
Global
	GlobalSection(SolutionConfigurationPlatforms) = preSolution
		Debug|Any CPU = Debug|Any CPU
		Release|Any CPU = Release|Any CPU
	EndGlobalSection
	GlobalSection(ProjectConfigurationPlatforms) = postSolution
		{55C5D1C5-9D93-461D-B8A2-086A8D788750}.Debug|Any CPU.ActiveCfg = Debug|Any CPU
		{55C5D1C5-9D93-461D-B8A2-086A8D788750}.Debug|Any CPU.Build.0 = Debug|Any CPU
		{55C5D1C5-9D93-461D-B8A2-086A8D788750}.Release|Any CPU.ActiveCfg = Release|Any CPU
		{55C5D1C5-9D93-461D-B8A2-086A8D788750}.Release|Any CPU.Build.0 = Release|Any CPU
		{CEF801BF-9CED-4DF0-93DB-56420700DD56}.Debug|Any CPU.ActiveCfg = Debug|Any CPU
		{CEF801BF-9CED-4DF0-93DB-56420700DD56}.Debug|Any CPU.Build.0 = Debug|Any CPU
		{CEF801BF-9CED-4DF0-93DB-56420700DD56}.Release|Any CPU.ActiveCfg = Release|Any CPU
		{CEF801BF-9CED-4DF0-93DB-56420700DD56}.Release|Any CPU.Build.0 = Release|Any CPU
	EndGlobalSection
	GlobalSection(SolutionProperties) = preSolution
		HideSolutionNode = FALSE
	EndGlobalSection
	GlobalSection(ExtensibilityGlobals) = postSolution
		SolutionGuid = {CE5E787F-11FE-411E-9D66-188240D8ED6E}
	EndGlobalSection
EndGlobal
