
Microsoft Visual Studio Solution File, Format Version 12.00
# Visual Studio Version 17
VisualStudioVersion = 17.5.33502.453
MinimumVisualStudioVersion = 10.0.40219.1
Project("{FAE04EC0-301F-11D3-BF4B-00C04F79EFBC}") = "UnderstandingIndexerApp", "UnderstandingIndexerApp\UnderstandingIndexerApp.csproj", "{90DEA85C-5C6E-4F30-B91F-2D048D447EF0}"
EndProject
Global
	GlobalSection(SolutionConfigurationPlatforms) = preSolution
		Debug|Any CPU = Debug|Any CPU
		Release|Any CPU = Release|Any CPU
	EndGlobalSection
	GlobalSection(ProjectConfigurationPlatforms) = postSolution
		{90DEA85C-5C6E-4F30-B91F-2D048D447EF0}.Debug|Any CPU.ActiveCfg = Debug|Any CPU
		{90DEA85C-5C6E-4F30-B91F-2D048D447EF0}.Debug|Any CPU.Build.0 = Debug|Any CPU
		{90DEA85C-5C6E-4F30-B91F-2D048D447EF0}.Release|Any CPU.ActiveCfg = Release|Any CPU
		{90DEA85C-5C6E-4F30-B91F-2D048D447EF0}.Release|Any CPU.Build.0 = Release|Any CPU
	EndGlobalSection
	GlobalSection(SolutionProperties) = preSolution
		HideSolutionNode = FALSE
	EndGlobalSection
	GlobalSection(ExtensibilityGlobals) = postSolution
		SolutionGuid = {85DC261F-506D-4EB6-BF6B-46320E06E00D}
	EndGlobalSection
EndGlobal
