
Microsoft Visual Studio Solution File, Format Version 12.00
# Visual Studio Version 16
VisualStudioVersion = 16.0.31205.134
MinimumVisualStudioVersion = 10.0.40219.1
Project("{159641D6-6404-4A2A-AE62-294DE0FE8301}") = "Integration Services Project2", "Integration Services Project2\Integration Services Project2.dtproj", "{D89FC6AD-D1BC-46E8-8344-5F2A216C08CB}"
EndProject
Global
	GlobalSection(SolutionConfigurationPlatforms) = preSolution
		Development|Default = Development|Default
	EndGlobalSection
	GlobalSection(ProjectConfigurationPlatforms) = postSolution
		{D89FC6AD-D1BC-46E8-8344-5F2A216C08CB}.Development|Default.ActiveCfg = Development
		{D89FC6AD-D1BC-46E8-8344-5F2A216C08CB}.Development|Default.Build.0 = Development
	EndGlobalSection
	GlobalSection(SolutionProperties) = preSolution
		HideSolutionNode = FALSE
	EndGlobalSection
	GlobalSection(ExtensibilityGlobals) = postSolution
		SolutionGuid = {186648B7-80A5-4A5F-8DAB-ADB519FA1B60}
	EndGlobalSection
EndGlobal
