
Microsoft Visual Studio Solution File, Format Version 12.00
# Visual Studio Version 17
VisualStudioVersion = 17.5.33502.453
MinimumVisualStudioVersion = 10.0.40219.1
Project("{FAE04EC0-301F-11D3-BF4B-00C04F79EFBC}") = "UnderstandingPartialApp", "UnderstandingPartialApp\UnderstandingPartialApp.csproj", "{CEBD56A9-234F-49F6-B4FC-F7185C199591}"
EndProject
Global
	GlobalSection(SolutionConfigurationPlatforms) = preSolution
		Debug|Any CPU = Debug|Any CPU
		Release|Any CPU = Release|Any CPU
	EndGlobalSection
	GlobalSection(ProjectConfigurationPlatforms) = postSolution
		{CEBD56A9-234F-49F6-B4FC-F7185C199591}.Debug|Any CPU.ActiveCfg = Debug|Any CPU
		{CEBD56A9-234F-49F6-B4FC-F7185C199591}.Debug|Any CPU.Build.0 = Debug|Any CPU
		{CEBD56A9-234F-49F6-B4FC-F7185C199591}.Release|Any CPU.ActiveCfg = Release|Any CPU
		{CEBD56A9-234F-49F6-B4FC-F7185C199591}.Release|Any CPU.Build.0 = Release|Any CPU
	EndGlobalSection
	GlobalSection(SolutionProperties) = preSolution
		HideSolutionNode = FALSE
	EndGlobalSection
	GlobalSection(ExtensibilityGlobals) = postSolution
		SolutionGuid = {3BF3811A-CCF8-45EE-8BAA-6FF58017E28D}
	EndGlobalSection
EndGlobal
