
Microsoft Visual Studio Solution File, Format Version 12.00
# Visual Studio Version 17
VisualStudioVersion = 17.5.33502.453
MinimumVisualStudioVersion = 10.0.40219.1
Project("{FAE04EC0-301F-11D3-BF4B-00C04F79EFBC}") = "CodalityAssignmentApp", "CodalityAssignmentApp\CodalityAssignmentApp.csproj", "{7A8ABF42-479B-4E30-968F-0A5D22B64BE7}"
EndProject
Global
	GlobalSection(SolutionConfigurationPlatforms) = preSolution
		Debug|Any CPU = Debug|Any CPU
		Release|Any CPU = Release|Any CPU
	EndGlobalSection
	GlobalSection(ProjectConfigurationPlatforms) = postSolution
		{7A8ABF42-479B-4E30-968F-0A5D22B64BE7}.Debug|Any CPU.ActiveCfg = Debug|Any CPU
		{7A8ABF42-479B-4E30-968F-0A5D22B64BE7}.Debug|Any CPU.Build.0 = Debug|Any CPU
		{7A8ABF42-479B-4E30-968F-0A5D22B64BE7}.Release|Any CPU.ActiveCfg = Release|Any CPU
		{7A8ABF42-479B-4E30-968F-0A5D22B64BE7}.Release|Any CPU.Build.0 = Release|Any CPU
	EndGlobalSection
	GlobalSection(SolutionProperties) = preSolution
		HideSolutionNode = FALSE
	EndGlobalSection
	GlobalSection(ExtensibilityGlobals) = postSolution
		SolutionGuid = {DAC5CE23-AFD5-4FEE-87A8-E970A9EA5343}
	EndGlobalSection
EndGlobal
