
Microsoft Visual Studio Solution File, Format Version 12.00
# Visual Studio Version 17
VisualStudioVersion = 17.5.33502.453
MinimumVisualStudioVersion = 10.0.40219.1
Project("{9A19103F-16F7-4668-BE54-9A1E7A4F7556}") = "GreatesApp1", "GreatesApp1\GreatesApp1.csproj", "{F03C4EB2-738B-46AB-8197-24FF2506D3A2}"
EndProject
Global
	GlobalSection(SolutionConfigurationPlatforms) = preSolution
		Debug|Any CPU = Debug|Any CPU
		Release|Any CPU = Release|Any CPU
	EndGlobalSection
	GlobalSection(ProjectConfigurationPlatforms) = postSolution
		{F03C4EB2-738B-46AB-8197-24FF2506D3A2}.Debug|Any CPU.ActiveCfg = Debug|Any CPU
		{F03C4EB2-738B-46AB-8197-24FF2506D3A2}.Debug|Any CPU.Build.0 = Debug|Any CPU
		{F03C4EB2-738B-46AB-8197-24FF2506D3A2}.Release|Any CPU.ActiveCfg = Release|Any CPU
		{F03C4EB2-738B-46AB-8197-24FF2506D3A2}.Release|Any CPU.Build.0 = Release|Any CPU
	EndGlobalSection
	GlobalSection(SolutionProperties) = preSolution
		HideSolutionNode = FALSE
	EndGlobalSection
	GlobalSection(ExtensibilityGlobals) = postSolution
		SolutionGuid = {C95FB786-AFEC-4A26-8159-808004E9484F}
	EndGlobalSection
EndGlobal
